
Microsoft Visual Studio Solution File, Format Version 12.00
# Visual Studio Version 17
VisualStudioVersion = 17.0.31903.59
MinimumVisualStudioVersion = 10.0.40219.1
Project("{2150E333-8FDC-42A3-9474-1A3956D46DE8}") = "src", "src", "{827E0CD3-B72D-47B6-A68D-7590B98EB39B}"
EndProject
Project("{FAE04EC0-301F-11D3-BF4B-00C04F79EFBC}") = "CodexHud.Core", "src\CodexHud.Core\CodexHud.Core.csproj", "{6A236AC0-F33C-4774-9FA3-6BE10D6154B8}"
EndProject
Project("{FAE04EC0-301F-11D3-BF4B-00C04F79EFBC}") = "CodexHud.App", "src\CodexHud.App\CodexHud.App.csproj", "{F250A603-7DAF-43A4-8B2C-E6ECA32D1BF1}"
EndProject
Project("{2150E333-8FDC-42A3-9474-1A3956D46DE8}") = "tests", "tests", "{0AB3BF05-4346-4AA6-1389-037BE0695223}"
EndProject
Project("{FAE04EC0-301F-11D3-BF4B-00C04F79EFBC}") = "CodexHud.Core.Tests", "tests\CodexHud.Core.Tests\CodexHud.Core.Tests.csproj", "{2F81342C-09D4-45E7-9102-10BF07ED19F7}"
EndProject
Project("{FAE04EC0-301F-11D3-BF4B-00C04F79EFBC}") = "CodexHud.App.Tests", "tests\CodexHud.App.Tests\CodexHud.App.Tests.csproj", "{8DAD1926-A52D-45A6-A5D5-8B364DC7D91B}"
EndProject
Global
	GlobalSection(SolutionConfigurationPlatforms) = preSolution
		Debug|Any CPU = Debug|Any CPU
		Debug|x64 = Debug|x64
		Debug|x86 = Debug|x86
		Release|Any CPU = Release|Any CPU
		Release|x64 = Release|x64
		Release|x86 = Release|x86
	EndGlobalSection
	GlobalSection(ProjectConfigurationPlatforms) = postSolution
		{6A236AC0-F33C-4774-9FA3-6BE10D6154B8}.Debug|Any CPU.ActiveCfg = Debug|Any CPU
		{6A236AC0-F33C-4774-9FA3-6BE10D6154B8}.Debug|Any CPU.Build.0 = Debug|Any CPU
		{6A236AC0-F33C-4774-9FA3-6BE10D6154B8}.Debug|x64.ActiveCfg = Debug|Any CPU
		{6A236AC0-F33C-4774-9FA3-6BE10D6154B8}.Debug|x64.Build.0 = Debug|Any CPU
		{6A236AC0-F33C-4774-9FA3-6BE10D6154B8}.Debug|x86.ActiveCfg = Debug|Any CPU
		{6A236AC0-F33C-4774-9FA3-6BE10D6154B8}.Debug|x86.Build.0 = Debug|Any CPU
		{6A236AC0-F33C-4774-9FA3-6BE10D6154B8}.Release|Any CPU.ActiveCfg = Release|Any CPU
		{6A236AC0-F33C-4774-9FA3-6BE10D6154B8}.Release|Any CPU.Build.0 = Release|Any CPU
		{6A236AC0-F33C-4774-9FA3-6BE10D6154B8}.Release|x64.ActiveCfg = Release|Any CPU
		{6A236AC0-F33C-4774-9FA3-6BE10D6154B8}.Release|x64.Build.0 = Release|Any CPU
		{6A236AC0-F33C-4774-9FA3-6BE10D6154B8}.Release|x86.ActiveCfg = Release|Any CPU
		{6A236AC0-F33C-4774-9FA3-6BE10D6154B8}.Release|x86.Build.0 = Release|Any CPU
		{F250A603-7DAF-43A4-8B2C-E6ECA32D1BF1}.Debug|Any CPU.ActiveCfg = Debug|Any CPU
		{F250A603-7DAF-43A4-8B2C-E6ECA32D1BF1}.Debug|Any CPU.Build.0 = Debug|Any CPU
		{F250A603-7DAF-43A4-8B2C-E6ECA32D1BF1}.Debug|x64.ActiveCfg = Debug|Any CPU
		{F250A603-7DAF-43A4-8B2C-E6ECA32D1BF1}.Debug|x64.Build.0 = Debug|Any CPU
		{F250A603-7DAF-43A4-8B2C-E6ECA32D1BF1}.Debug|x86.ActiveCfg = Debug|Any CPU
		{F250A603-7DAF-43A4-8B2C-E6ECA32D1BF1}.Debug|x86.Build.0 = Debug|Any CPU
		{F250A603-7DAF-43A4-8B2C-E6ECA32D1BF1}.Release|Any CPU.ActiveCfg = Release|Any CPU
		{F250A603-7DAF-43A4-8B2C-E6ECA32D1BF1}.Release|Any CPU.Build.0 = Release|Any CPU
		{F250A603-7DAF-43A4-8B2C-E6ECA32D1BF1}.Release|x64.ActiveCfg = Release|Any CPU
		{F250A603-7DAF-43A4-8B2C-E6ECA32D1BF1}.Release|x64.Build.0 = Release|Any CPU
		{F250A603-7DAF-43A4-8B2C-E6ECA32D1BF1}.Release|x86.ActiveCfg = Release|Any CPU
		{F250A603-7DAF-43A4-8B2C-E6ECA32D1BF1}.Release|x86.Build.0 = Release|Any CPU
		{2F81342C-09D4-45E7-9102-10BF07ED19F7}.Debug|Any CPU.ActiveCfg = Debug|Any CPU
		{2F81342C-09D4-45E7-9102-10BF07ED19F7}.Debug|Any CPU.Build.0 = Debug|Any CPU
		{2F81342C-09D4-45E7-9102-10BF07ED19F7}.Debug|x64.ActiveCfg = Debug|Any CPU
		{2F81342C-09D4-45E7-9102-10BF07ED19F7}.Debug|x64.Build.0 = Debug|Any CPU
		{2F81342C-09D4-45E7-9102-10BF07ED19F7}.Debug|x86.ActiveCfg = Debug|Any CPU
		{2F81342C-09D4-45E7-9102-10BF07ED19F7}.Debug|x86.Build.0 = Debug|Any CPU
		{2F81342C-09D4-45E7-9102-10BF07ED19F7}.Release|Any CPU.ActiveCfg = Release|Any CPU
		{2F81342C-09D4-45E7-9102-10BF07ED19F7}.Release|Any CPU.Build.0 = Release|Any CPU
		{2F81342C-09D4-45E7-9102-10BF07ED19F7}.Release|x64.ActiveCfg = Release|Any CPU
		{2F81342C-09D4-45E7-9102-10BF07ED19F7}.Release|x64.Build.0 = Release|Any CPU
		{2F81342C-09D4-45E7-9102-10BF07ED19F7}.Release|x86.ActiveCfg = Release|Any CPU
		{2F81342C-09D4-45E7-9102-10BF07ED19F7}.Release|x86.Build.0 = Release|Any CPU
		{8DAD1926-A52D-45A6-A5D5-8B364DC7D91B}.Debug|Any CPU.ActiveCfg = Debug|Any CPU
		{8DAD1926-A52D-45A6-A5D5-8B364DC7D91B}.Debug|Any CPU.Build.0 = Debug|Any CPU
		{8DAD1926-A52D-45A6-A5D5-8B364DC7D91B}.Debug|x64.ActiveCfg = Debug|Any CPU
		{8DAD1926-A52D-45A6-A5D5-8B364DC7D91B}.Debug|x64.Build.0 = Debug|Any CPU
		{8DAD1926-A52D-45A6-A5D5-8B364DC7D91B}.Debug|x86.ActiveCfg = Debug|Any CPU
		{8DAD1926-A52D-45A6-A5D5-8B364DC7D91B}.Debug|x86.Build.0 = Debug|Any CPU
		{8DAD1926-A52D-45A6-A5D5-8B364DC7D91B}.Release|Any CPU.ActiveCfg = Release|Any CPU
		{8DAD1926-A52D-45A6-A5D5-8B364DC7D91B}.Release|Any CPU.Build.0 = Release|Any CPU
		{8DAD1926-A52D-45A6-A5D5-8B364DC7D91B}.Release|x64.ActiveCfg = Release|Any CPU
		{8DAD1926-A52D-45A6-A5D5-8B364DC7D91B}.Release|x64.Build.0 = Release|Any CPU
		{8DAD1926-A52D-45A6-A5D5-8B364DC7D91B}.Release|x86.ActiveCfg = Release|Any CPU
		{8DAD1926-A52D-45A6-A5D5-8B364DC7D91B}.Release|x86.Build.0 = Release|Any CPU
	EndGlobalSection
	GlobalSection(SolutionProperties) = preSolution
		HideSolutionNode = FALSE
	EndGlobalSection
	GlobalSection(NestedProjects) = preSolution
		{6A236AC0-F33C-4774-9FA3-6BE10D6154B8} = {827E0CD3-B72D-47B6-A68D-7590B98EB39B}
		{F250A603-7DAF-43A4-8B2C-E6ECA32D1BF1} = {827E0CD3-B72D-47B6-A68D-7590B98EB39B}
		{2F81342C-09D4-45E7-9102-10BF07ED19F7} = {0AB3BF05-4346-4AA6-1389-037BE0695223}
		{8DAD1926-A52D-45A6-A5D5-8B364DC7D91B} = {0AB3BF05-4346-4AA6-1389-037BE0695223}
	EndGlobalSection
EndGlobal
